Microsoft Visual Studio Solution File, Format Version 12.00
# Visual Studio Version 17
VisualStudioVersion = 17.5.2.0
MinimumVisualStudioVersion = 10.0.40219.1
Project("{FAE04EC0-301F-11D3-BF4B-00C04F79EFBC}") = "InventoryService", "InventoryService.csproj", "{8EC498C3-87EF-B232-AD83-AF17C2A4AC87}"
EndProject
Global
	GlobalSection(SolutionConfigurationPlatforms) = preSolution
		Debug|Any CPU = Debug|Any CPU
		Release|Any CPU = Release|Any CPU
	EndGlobalSection
	GlobalSection(ProjectConfigurationPlatforms) = postSolution
		{8EC498C3-87EF-B232-AD83-AF17C2A4AC87}.Debug|Any CPU.ActiveCfg = Debug|Any CPU
		{8EC498C3-87EF-B232-AD83-AF17C2A4AC87}.Debug|Any CPU.Build.0 = Debug|Any CPU
		{8EC498C3-87EF-B232-AD83-AF17C2A4AC87}.Release|Any CPU.ActiveCfg = Release|Any CPU
		{8EC498C3-87EF-B232-AD83-AF17C2A4AC87}.Release|Any CPU.Build.0 = Release|Any CPU
	EndGlobalSection
	GlobalSection(SolutionProperties) = preSolution
		HideSolutionNode = FALSE
	EndGlobalSection
	GlobalSection(ExtensibilityGlobals) = postSolution
		SolutionGuid = {CBB634CB-0A89-42F8-8019-3DA00976B2D1}
	EndGlobalSection
EndGlobal
